
Microsoft Visual Studio Solution File, Format Version 12.00
# Visual Studio 14
VisualStudioVersion = 14.0.22823.1
MinimumVisualStudioVersion = 10.0.40219.1
Project("{2150E333-8FDC-42A3-9474-1A3956D46DE8}") = "src", "src", "{CAD24FCC-F712-4EBD-818F-F05BF1719383}"
EndProject
Project("{2150E333-8FDC-42A3-9474-1A3956D46DE8}") = "Solution Items", "Solution Items", "{7BB5D2A3-BA7C-4678-80B5-F2226EBC8037}"
	ProjectSection(SolutionItems) = preProject
		global.json = global.json
	EndProjectSection
EndProject
Project("{8BB2217D-0F2D-49D1-97BC-3654ED321F3B}") = "PotatoSteam", "src\PotatoSteam\PotatoSteam.xproj", "{BD3D234D-45D3-492A-AF56-DFB4D1CB16F1}"
EndProject
Global
	GlobalSection(SolutionConfigurationPlatforms) = preSolution
		Debug|Any CPU = Debug|Any CPU
		Release|Any CPU = Release|Any CPU
	EndGlobalSection
	GlobalSection(ProjectConfigurationPlatforms) = postSolution
		{BD3D234D-45D3-492A-AF56-DFB4D1CB16F1}.Debug|Any CPU.ActiveCfg = Debug|Any CPU
		{BD3D234D-45D3-492A-AF56-DFB4D1CB16F1}.Debug|Any CPU.Build.0 = Debug|Any CPU
		{BD3D234D-45D3-492A-AF56-DFB4D1CB16F1}.Release|Any CPU.ActiveCfg = Release|Any CPU
		{BD3D234D-45D3-492A-AF56-DFB4D1CB16F1}.Release|Any CPU.Build.0 = Release|Any CPU
	EndGlobalSection
	GlobalSection(SolutionProperties) = preSolution
		HideSolutionNode = FALSE
	EndGlobalSection
	GlobalSection(NestedProjects) = preSolution
		{BD3D234D-45D3-492A-AF56-DFB4D1CB16F1} = {CAD24FCC-F712-4EBD-818F-F05BF1719383}
	EndGlobalSection
EndGlobal
